
Microsoft Visual Studio Solution File, Format Version 12.00
# Visual Studio Version 17
VisualStudioVersion = 17.0.31903.59
MinimumVisualStudioVersion = 10.0.40219.1
Project("{2150E333-8FDC-42A3-9474-1A3956D46DE8}") = "Services", "Services", "{830C8B60-4038-46EA-89F6-32544D6BCB0B}"
EndProject
Project("{2150E333-8FDC-42A3-9474-1A3956D46DE8}") = "Catalog", "Catalog", "{523C3485-79FD-4592-9CED-D1A35C91E5A7}"
EndProject
Project("{9A19103F-16F7-4668-BE54-9A1E7A4F7556}") = "Catalog.API", "Services\Catalog\Catalog.API\Catalog.API.csproj", "{D08FF9F6-67CA-4B3C-9FBE-0B5E2AA04563}"
EndProject
Project("{E53339B2-1760-4266-BCC7-CA923CBCF16C}") = "docker-compose", "docker-compose.dcproj", "{6F578AE2-617F-4201-83A0-70C12635279A}"
EndProject
Project("{2150E333-8FDC-42A3-9474-1A3956D46DE8}") = "Basket", "Basket", "{87987B01-7FA6-4F11-8100-C8A74E9EEDBE}"
EndProject
Project("{9A19103F-16F7-4668-BE54-9A1E7A4F7556}") = "Basket.API", "Services\Basket\Basket.API\Basket.API.csproj", "{E7A6AD25-8826-43A7-B847-9501A8CC72A5}"
EndProject
Project("{2150E333-8FDC-42A3-9474-1A3956D46DE8}") = "Discount", "Discount", "{4A4BDE9B-6701-4906-85BF-7FBC1A3EE460}"
EndProject
Project("{9A19103F-16F7-4668-BE54-9A1E7A4F7556}") = "Discount.API", "Services\Discount\Discount.API\Discount.API.csproj", "{7D38AFCA-43EB-4A22-BAE2-2AC4ABA7D5E9}"
EndProject
Project("{9A19103F-16F7-4668-BE54-9A1E7A4F7556}") = "Discount.Grpc", "Services\Discount\Discount.Grpc\Discount.Grpc.csproj", "{EF7B4135-3EBA-4392-BBEC-B56F8FA9CFAB}"
EndProject
Project("{2150E333-8FDC-42A3-9474-1A3956D46DE8}") = "Ordering", "Ordering", "{27573069-4E64-45FB-8428-6481D05312BF}"
EndProject
Project("{FAE04EC0-301F-11D3-BF4B-00C04F79EFBC}") = "Ordering.API", "Services\Ordering\Ordering.API\Ordering.API.csproj", "{4D0E953D-50BD-4AB5-93F1-68F96536F71A}"
EndProject
Project("{FAE04EC0-301F-11D3-BF4B-00C04F79EFBC}") = "Ordering.Domain", "Services\Ordering\Ordering.Domain\Ordering.Domain.csproj", "{24509D7B-4229-4434-8C0D-97866C2738D9}"
EndProject
Project("{FAE04EC0-301F-11D3-BF4B-00C04F79EFBC}") = "Ordering.Application", "Services\Ordering\Ordering.Application\Ordering.Application.csproj", "{626577D9-0C65-48D9-8515-0621526B8E5C}"
EndProject
Project("{FAE04EC0-301F-11D3-BF4B-00C04F79EFBC}") = "Ordering.Infrastructure", "Services\Ordering\Ordering.Infrastructure\Ordering.Infrastructure.csproj", "{3C78D98B-9044-4C0F-9DD9-13816CC381C1}"
EndProject
Global
	GlobalSection(SolutionConfigurationPlatforms) = preSolution
		Debug|Any CPU = Debug|Any CPU
		Release|Any CPU = Release|Any CPU
	EndGlobalSection
	GlobalSection(ProjectConfigurationPlatforms) = postSolution
		{D08FF9F6-67CA-4B3C-9FBE-0B5E2AA04563}.Debug|Any CPU.ActiveCfg = Debug|Any CPU
		{D08FF9F6-67CA-4B3C-9FBE-0B5E2AA04563}.Debug|Any CPU.Build.0 = Debug|Any CPU
		{D08FF9F6-67CA-4B3C-9FBE-0B5E2AA04563}.Release|Any CPU.ActiveCfg = Release|Any CPU
		{D08FF9F6-67CA-4B3C-9FBE-0B5E2AA04563}.Release|Any CPU.Build.0 = Release|Any CPU
		{6F578AE2-617F-4201-83A0-70C12635279A}.Debug|Any CPU.ActiveCfg = Debug|Any CPU
		{6F578AE2-617F-4201-83A0-70C12635279A}.Debug|Any CPU.Build.0 = Debug|Any CPU
		{6F578AE2-617F-4201-83A0-70C12635279A}.Release|Any CPU.ActiveCfg = Release|Any CPU
		{6F578AE2-617F-4201-83A0-70C12635279A}.Release|Any CPU.Build.0 = Release|Any CPU
		{E7A6AD25-8826-43A7-B847-9501A8CC72A5}.Debug|Any CPU.ActiveCfg = Debug|Any CPU
		{E7A6AD25-8826-43A7-B847-9501A8CC72A5}.Debug|Any CPU.Build.0 = Debug|Any CPU
		{E7A6AD25-8826-43A7-B847-9501A8CC72A5}.Release|Any CPU.ActiveCfg = Release|Any CPU
		{E7A6AD25-8826-43A7-B847-9501A8CC72A5}.Release|Any CPU.Build.0 = Release|Any CPU
		{7D38AFCA-43EB-4A22-BAE2-2AC4ABA7D5E9}.Debug|Any CPU.ActiveCfg = Debug|Any CPU
		{7D38AFCA-43EB-4A22-BAE2-2AC4ABA7D5E9}.Debug|Any CPU.Build.0 = Debug|Any CPU
		{7D38AFCA-43EB-4A22-BAE2-2AC4ABA7D5E9}.Release|Any CPU.ActiveCfg = Release|Any CPU
		{7D38AFCA-43EB-4A22-BAE2-2AC4ABA7D5E9}.Release|Any CPU.Build.0 = Release|Any CPU
		{EF7B4135-3EBA-4392-BBEC-B56F8FA9CFAB}.Debug|Any CPU.ActiveCfg = Debug|Any CPU
		{EF7B4135-3EBA-4392-BBEC-B56F8FA9CFAB}.Debug|Any CPU.Build.0 = Debug|Any CPU
		{EF7B4135-3EBA-4392-BBEC-B56F8FA9CFAB}.Release|Any CPU.ActiveCfg = Release|Any CPU
		{EF7B4135-3EBA-4392-BBEC-B56F8FA9CFAB}.Release|Any CPU.Build.0 = Release|Any CPU
		{4D0E953D-50BD-4AB5-93F1-68F96536F71A}.Debug|Any CPU.ActiveCfg = Debug|Any CPU
		{4D0E953D-50BD-4AB5-93F1-68F96536F71A}.Debug|Any CPU.Build.0 = Debug|Any CPU
		{4D0E953D-50BD-4AB5-93F1-68F96536F71A}.Release|Any CPU.ActiveCfg = Release|Any CPU
		{4D0E953D-50BD-4AB5-93F1-68F96536F71A}.Release|Any CPU.Build.0 = Release|Any CPU
		{24509D7B-4229-4434-8C0D-97866C2738D9}.Debug|Any CPU.ActiveCfg = Debug|Any CPU
		{24509D7B-4229-4434-8C0D-97866C2738D9}.Debug|Any CPU.Build.0 = Debug|Any CPU
		{24509D7B-4229-4434-8C0D-97866C2738D9}.Release|Any CPU.ActiveCfg = Release|Any CPU
		{24509D7B-4229-4434-8C0D-97866C2738D9}.Release|Any CPU.Build.0 = Release|Any CPU
		{626577D9-0C65-48D9-8515-0621526B8E5C}.Debug|Any CPU.ActiveCfg = Debug|Any CPU
		{626577D9-0C65-48D9-8515-0621526B8E5C}.Debug|Any CPU.Build.0 = Debug|Any CPU
		{626577D9-0C65-48D9-8515-0621526B8E5C}.Release|Any CPU.ActiveCfg = Release|Any CPU
		{626577D9-0C65-48D9-8515-0621526B8E5C}.Release|Any CPU.Build.0 = Release|Any CPU
		{3C78D98B-9044-4C0F-9DD9-13816CC381C1}.Debug|Any CPU.ActiveCfg = Debug|Any CPU
		{3C78D98B-9044-4C0F-9DD9-13816CC381C1}.Debug|Any CPU.Build.0 = Debug|Any CPU
		{3C78D98B-9044-4C0F-9DD9-13816CC381C1}.Release|Any CPU.ActiveCfg = Release|Any CPU
		{3C78D98B-9044-4C0F-9DD9-13816CC381C1}.Release|Any CPU.Build.0 = Release|Any CPU
	EndGlobalSection
	GlobalSection(SolutionProperties) = preSolution
		HideSolutionNode = FALSE
	EndGlobalSection
	GlobalSection(NestedProjects) = preSolution
		{523C3485-79FD-4592-9CED-D1A35C91E5A7} = {830C8B60-4038-46EA-89F6-32544D6BCB0B}
		{D08FF9F6-67CA-4B3C-9FBE-0B5E2AA04563} = {523C3485-79FD-4592-9CED-D1A35C91E5A7}
		{87987B01-7FA6-4F11-8100-C8A74E9EEDBE} = {830C8B60-4038-46EA-89F6-32544D6BCB0B}
		{E7A6AD25-8826-43A7-B847-9501A8CC72A5} = {87987B01-7FA6-4F11-8100-C8A74E9EEDBE}
		{4A4BDE9B-6701-4906-85BF-7FBC1A3EE460} = {830C8B60-4038-46EA-89F6-32544D6BCB0B}
		{7D38AFCA-43EB-4A22-BAE2-2AC4ABA7D5E9} = {4A4BDE9B-6701-4906-85BF-7FBC1A3EE460}
		{EF7B4135-3EBA-4392-BBEC-B56F8FA9CFAB} = {4A4BDE9B-6701-4906-85BF-7FBC1A3EE460}
		{27573069-4E64-45FB-8428-6481D05312BF} = {830C8B60-4038-46EA-89F6-32544D6BCB0B}
		{4D0E953D-50BD-4AB5-93F1-68F96536F71A} = {27573069-4E64-45FB-8428-6481D05312BF}
		{24509D7B-4229-4434-8C0D-97866C2738D9} = {27573069-4E64-45FB-8428-6481D05312BF}
		{626577D9-0C65-48D9-8515-0621526B8E5C} = {27573069-4E64-45FB-8428-6481D05312BF}
		{3C78D98B-9044-4C0F-9DD9-13816CC381C1} = {27573069-4E64-45FB-8428-6481D05312BF}
	EndGlobalSection
	GlobalSection(ExtensibilityGlobals) = postSolution
		SolutionGuid = {28CCF22E-349D-4C4A-BA27-34496DA2A12F}
	EndGlobalSection
EndGlobal
